{
  "name": "repo-compliance-gates",
  "version": "0.2.0",
  "lockfileVersion": 3,
  "requires": true,
  "packages": {
    "": {
      "name": "repo-compliance-gates",
      "version": "0.2.0",
      "license": "MIT",
      "bin": {
        "license-gate": "bin/license-gate.mjs",
        "secret-gate": "bin/secret-gate.mjs"
      },
      "engines": {
        "node": ">=18.0.0"
      }
    }
  }
}
